
Microsoft Visual Studio Solution File, Format Version 12.00
# Visual Studio Version 16
VisualStudioVersion = 16.0.32228.343
MinimumVisualStudioVersion = 10.0.40219.1
Project("{FAE04EC0-301F-11D3-BF4B-00C04F79EFBC}") = "PencilKompas", "PencilKompas.csproj", "{DC05947D-2A88-4AAA-9DB3-5FD0DE8618A9}"
EndProject
Global
	GlobalSection(SolutionConfigurationPlatforms) = preSolution
		Debug|Any CPU = Debug|Any CPU
		Release|Any CPU = Release|Any CPU
	EndGlobalSection
	GlobalSection(ProjectConfigurationPlatforms) = postSolution
		{DC05947D-2A88-4AAA-9DB3-5FD0DE8618A9}.Debug|Any CPU.ActiveCfg = Debug|Any CPU
		{DC05947D-2A88-4AAA-9DB3-5FD0DE8618A9}.Debug|Any CPU.Build.0 = Debug|Any CPU
		{DC05947D-2A88-4AAA-9DB3-5FD0DE8618A9}.Release|Any CPU.ActiveCfg = Release|Any CPU
		{DC05947D-2A88-4AAA-9DB3-5FD0DE8618A9}.Release|Any CPU.Build.0 = Release|Any CPU
	EndGlobalSection
	GlobalSection(SolutionProperties) = preSolution
		HideSolutionNode = FALSE
	EndGlobalSection
	GlobalSection(ExtensibilityGlobals) = postSolution
		SolutionGuid = {3586E9FE-362B-4D42-B227-9B7CBAC58CD3}
	EndGlobalSection
EndGlobal
